pindel/chr10/chr10_INV
pindel/chr12/chr12_D
pindel/chr15/chr15_SI
pindel/chr7/chr7_INV
pindel/chr5/chr5_SI
pindel/chrX/chrX_TD
pindel/chr12/chr12_INV
pindel/chr6/chr6_SI
pindel/chr2/chr2_INV
pindel/chr1/chr1_SI
pindel/chr22/chr22_D
pindel/chr10/chr10_D
pindel/chr12/chr12_TD
pindel/chr1/chr1_TD
pindel/chr2/chr2_SI
pindel/chr10/chr10_SI
pindel/chr1/chr1_D
pindel/chr6/chr6_D
pindel/chr18/chr18_SI
pindel/chr15/chr15_TD
pindel/chr21/chr21_INV
pindel/chr4/chr4_SI
pindel/chr2/chr2_TD
pindel/chr17/chr17_TD
pindel/chr9/chr9_INV
pindel/chr20/chr20_TD
pindel/chr7/chr7_SI
pindel/chr8/chr8_TD
pindel/chr13/chr13_INV
pindel/chr20/chr20_D
pindel/chr20/chr20_INV
pindel/chr3/chr3_INV
pindel/chr19/chr19_SI
pindel/chr3/chr3_SI
pindel/chr13/chr13_TD
pindel/chr9/chr9_TD
pindel/chr17/chr17_INV
pindel/chr13/chr13_D
pindel/chr16/chr16_SI
pindel/chr22/chr22_TD
pindel/chrY/chrY_SI
pindel/chr21/chr21_D
pindel/chr4/chr4_TD
pindel/chr2/chr2_D
pindel/chr16/chr16_D
pindel/chr14/chr14_INV
pindel/chr13/chr13_SI
pindel/chrY/chrY_TD
pindel/chr4/chr4_D
pindel/chr14/chr14_TD
pindel/chr8/chr8_D
pindel/chr14/chr14_SI
pindel/chr9/chr9_D
pindel/chr6/chr6_TD
pindel/chr8/chr8_SI
pindel/chr11/chr11_D
pindel/chr18/chr18_INV
pindel/chrX/chrX_INV
pindel/chr18/chr18_D
pindel/chr4/chr4_INV
pindel/chr8/chr8_INV
pindel/chr6/chr6_INV
pindel/chr16/chr16_INV
pindel/chr20/chr20_SI
pindel/chr5/chr5_INV
pindel/chrY/chrY_INV
pindel/chr19/chr19_D
pindel/chr15/chr15_INV
pindel/chr17/chr17_D
pindel/chr16/chr16_TD
pindel/chr3/chr3_TD
pindel/chr12/chr12_SI
pindel/chr10/chr10_TD
pindel/chr5/chr5_TD
pindel/chr15/chr15_D
pindel/chr11/chr11_INV
pindel/chr3/chr3_D
pindel/chr11/chr11_SI
pindel/chr17/chr17_SI
pindel/chr9/chr9_SI
pindel/chr1/chr1_INV
pindel/chr21/chr21_SI
pindel/chrX/chrX_D
pindel/chr7/chr7_TD
pindel/chr21/chr21_TD
pindel/chr11/chr11_TD
pindel/chr19/chr19_INV
pindel/chr22/chr22_INV
pindel/chr22/chr22_SI
pindel/chrX/chrX_SI
pindel/chr18/chr18_TD
pindel/chr5/chr5_D
pindel/chr7/chr7_D
pindel/chr19/chr19_TD
pindel/chr14/chr14_D
pindel/chrY/chrY_D
